
Microsoft Visual Studio Solution File, Format Version 12.00
# Visual Studio Version 17
VisualStudioVersion = 17.10.34916.146
MinimumVisualStudioVersion = 10.0.40219.1
Project("{FAE04EC0-301F-11D3-BF4B-00C04F79EFBC}") = "GoogleSingin", "GoogleSingin.csproj", "{EC15B6F4-0A8B-42B1-B3E2-89B3515559A5}"
EndProject
Global
	GlobalSection(SolutionConfigurationPlatforms) = preSolution
		Debug|Any CPU = Debug|Any CPU
		Release|Any CPU = Release|Any CPU
	EndGlobalSection
	GlobalSection(ProjectConfigurationPlatforms) = postSolution
		{EC15B6F4-0A8B-42B1-B3E2-89B3515559A5}.Debug|Any CPU.ActiveCfg = Debug|Any CPU
		{EC15B6F4-0A8B-42B1-B3E2-89B3515559A5}.Debug|Any CPU.Build.0 = Debug|Any CPU
		{EC15B6F4-0A8B-42B1-B3E2-89B3515559A5}.Release|Any CPU.ActiveCfg = Release|Any CPU
		{EC15B6F4-0A8B-42B1-B3E2-89B3515559A5}.Release|Any CPU.Build.0 = Release|Any CPU
	EndGlobalSection
	GlobalSection(SolutionProperties) = preSolution
		HideSolutionNode = FALSE
	EndGlobalSection
	GlobalSection(ExtensibilityGlobals) = postSolution
		SolutionGuid = {3930CA20-89CE-4169-A780-03E22479144F}
	EndGlobalSection
EndGlobal
